// !$*UTF8*$!
{
	archiveVersion = 1;
	classes = {
	};
	objectVersion = 47;
	objects = {

/* Begin PBXBuildFile section */
		DB021E7B15211EFA001D1B05 /* commands_1.mm in Sources */ = {isa = PBXBuildFile; fileRef = DB021E7515211EFA001D1B05 /* commands_1.mm */; };
		DB021E7C15211EFA001D1B05 /* image_support.mm in Sources */ = {isa = PBXBuildFile; fileRef = DB021E7715211EFA001D1B05 /* image_support.mm */; };
		DB021E7D15211EFA001D1B05 /* image.mm in Sources */ = {isa = PBXBuildFile; fileRef = DB021E7915211EFA001D1B05 /* image.mm */; };
		DB03625E224D009800DF7BA8 /* ImageBitmap.mm in Sources */ = {isa = PBXBuildFile; fileRef = DB03625D224D009800DF7BA8 /* ImageBitmap.mm */; };
		DB0FC0231519183C008A9B54 /* Cocoa.framework in Frameworks */ = {isa = PBXBuildFile; fileRef = DB0FC0221519183C008A9B54 /* Cocoa.framework */; };
		DB0FC02D1519183C008A9B54 /* InfoPlist.strings in Resources */ = {isa = PBXBuildFile; fileRef = DB0FC02B1519183C008A9B54 /* InfoPlist.strings */; };
		DB0FC02F1519183C008A9B54 /* main.m in Sources */ = {isa = PBXBuildFile; fileRef = DB0FC02E1519183C008A9B54 /* main.m */; };
		DB0FC0331519183D008A9B54 /* Credits.rtf in Resources */ = {isa = PBXBuildFile; fileRef = DB0FC0311519183D008A9B54 /* Credits.rtf */; };
		DB0FC0361519183D008A9B54 /* oma2AppDelegate.mm in Sources */ = {isa = PBXBuildFile; fileRef = DB0FC0351519183D008A9B54 /* oma2AppDelegate.mm */; };
		DB0FC0391519183D008A9B54 /* MainMenu.xib in Resources */ = {isa = PBXBuildFile; fileRef = DB0FC0371519183D008A9B54 /* MainMenu.xib */; };
		DB0FC046151918F0008A9B54 /* StatusController.mm in Sources */ = {isa = PBXBuildFile; fileRef = DB0FC041151918F0008A9B54 /* StatusController.mm */; };
		DB0FC047151918F0008A9B54 /* Status.xib in Resources */ = {isa = PBXBuildFile; fileRef = DB0FC042151918F0008A9B54 /* Status.xib */; };
		DB0FC048151918F0008A9B54 /* AppController.mm in Sources */ = {isa = PBXBuildFile; fileRef = DB0FC044151918F0008A9B54 /* AppController.mm */; };
		DB16CA3A1826960F002588F4 /* CommandView.mm in Sources */ = {isa = PBXBuildFile; fileRef = DB16CA391826960F002588F4 /* CommandView.mm */; };
		DB17A3051524754A004F810A /* DataWindow.xib in Resources */ = {isa = PBXBuildFile; fileRef = DB17A3041524754A004F810A /* DataWindow.xib */; };
		DB17A30C15247965004F810A /* DataWindowController.mm in Sources */ = {isa = PBXBuildFile; fileRef = DB17A30B15247965004F810A /* DataWindowController.mm */; };
		DB1E9B1F15A27EA300F38CE2 /* ruler.jpg in Resources */ = {isa = PBXBuildFile; fileRef = DB1E9B1E15A27EA300F38CE2 /* ruler.jpg */; };
		DB1E9B2215A2804C00F38CE2 /* curve.jpg in Resources */ = {isa = PBXBuildFile; fileRef = DB1E9B2115A2804C00F38CE2 /* curve.jpg */; };
		DB2113591540219200B23364 /* DataView.mm in Sources */ = {isa = PBXBuildFile; fileRef = DB2113581540219200B23364 /* DataView.mm */; };
		DB238A4D15A2879900502B50 /* pal0.jpg in Resources */ = {isa = PBXBuildFile; fileRef = DB238A4C15A2879900502B50 /* pal0.jpg */; };
		DB238A5015A2884F00502B50 /* pal2.jpg in Resources */ = {isa = PBXBuildFile; fileRef = DB238A4E15A2884F00502B50 /* pal2.jpg */; };
		DB238A5115A2884F00502B50 /* pal1.jpg in Resources */ = {isa = PBXBuildFile; fileRef = DB238A4F15A2884F00502B50 /* pal1.jpg */; };
		DB238A5715A2895B00502B50 /* pal7.jpg in Resources */ = {isa = PBXBuildFile; fileRef = DB238A5215A2895B00502B50 /* pal7.jpg */; };
		DB238A5815A2895B00502B50 /* pal6.jpg in Resources */ = {isa = PBXBuildFile; fileRef = DB238A5315A2895B00502B50 /* pal6.jpg */; };
		DB238A5915A2895B00502B50 /* pal5.jpg in Resources */ = {isa = PBXBuildFile; fileRef = DB238A5415A2895B00502B50 /* pal5.jpg */; };
		DB238A5A15A2895B00502B50 /* pal4.jpg in Resources */ = {isa = PBXBuildFile; fileRef = DB238A5515A2895B00502B50 /* pal4.jpg */; };
		DB238A5B15A2895B00502B50 /* pal3.jpg in Resources */ = {isa = PBXBuildFile; fileRef = DB238A5615A2895B00502B50 /* pal3.jpg */; };
		DB2BC300151930D7009D9AED /* Preferences.xib in Resources */ = {isa = PBXBuildFile; fileRef = DB2BC2FF151930D7009D9AED /* Preferences.xib */; };
		DB2BC304151933C9009D9AED /* PreferenceController.mm in Sources */ = {isa = PBXBuildFile; fileRef = DB2BC303151933C9009D9AED /* PreferenceController.mm */; };
		DB35126018F0B8AE00202FFC /* macImageSupport.mm in Sources */ = {isa = PBXBuildFile; fileRef = DB35125F18F0B8AE00202FFC /* macImageSupport.mm */; };
		DB35126118F0B8AE00202FFC /* macImageSupport.mm in Sources */ = {isa = PBXBuildFile; fileRef = DB35125F18F0B8AE00202FFC /* macImageSupport.mm */; };
		DB3E355D18E6030300381607 /* serial.c in Sources */ = {isa = PBXBuildFile; fileRef = DB3E355C18E6030300381607 /* serial.c */; };
		DB4329B617EF13E900A51802 /* gluedCommands.mm in Sources */ = {isa = PBXBuildFile; fileRef = DB4329B517EF13E900A51802 /* gluedCommands.mm */; };
		DB4E036E1835272400250EA4 /* dofft.mm in Sources */ = {isa = PBXBuildFile; fileRef = DB4E036D1835272400250EA4 /* dofft.mm */; };
		DB51D9DC2274CF7F00917D5C /* libPvAPI.dylib in Frameworks */ = {isa = PBXBuildFile; fileRef = DB51D9DB2274CF7F00917D5C /* libPvAPI.dylib */; settings = {ATTRIBUTES = (Weak, ); }; };
		DB57E31918F58D7900FA4D29 /* sbig.mm in Sources */ = {isa = PBXBuildFile; fileRef = DB57E31818F58D7900FA4D29 /* sbig.mm */; };
		DB593A37151B8B19007CA0C3 /* plus.jpg in Resources */ = {isa = PBXBuildFile; fileRef = DB593A36151B8B19007CA0C3 /* plus.jpg */; };
		DB593A3B151B9766007CA0C3 /* box.jpg in Resources */ = {isa = PBXBuildFile; fileRef = DB593A3A151B9766007CA0C3 /* box.jpg */; };
		DB629C06248E8A020035CB37 /* libgsl.23.dylib in CopyFiles */ = {isa = PBXBuildFile; fileRef = DBBB5AC322CA2E3A0055E52D /* libgsl.23.dylib */; settings = {ATTRIBUTES = (CodeSignOnCopy, ); }; };
		DB629C07248E8A020035CB37 /* libPvAPI.dylib in CopyFiles */ = {isa = PBXBuildFile; fileRef = DB51D9DB2274CF7F00917D5C /* libPvAPI.dylib */; settings = {ATTRIBUTES = (CodeSignOnCopy, ); }; };
		DB629C08248E8A020035CB37 /* liblabjackusb.dylib in CopyFiles */ = {isa = PBXBuildFile; fileRef = DB8C23F518FC2B5000969763 /* liblabjackusb.dylib */; settings = {ATTRIBUTES = (CodeSignOnCopy, ); }; };
		DB629C09248E8A500035CB37 /* LibTiff_F.framework in CopyFiles */ = {isa = PBXBuildFile; fileRef = DB685CE52355633600812918 /* LibTiff_F.framework */; settings = {ATTRIBUTES = (CodeSignOnCopy, RemoveHeadersOnCopy, ); }; };
		DB685CE62355633600812918 /* LibTiff_F.framework in Frameworks */ = {isa = PBXBuildFile; fileRef = DB685CE52355633600812918 /* LibTiff_F.framework */; };
		DB685CE72355633600812918 /* LibTiff_F.framework in Frameworks */ = {isa = PBXBuildFile; fileRef = DB685CE52355633600812918 /* LibTiff_F.framework */; };
		DB83FD771D4FE5DE009B3204 /* dmmalvar.mm in Sources */ = {isa = PBXBuildFile; fileRef = DB83FD751D4FE5DE009B3204 /* dmmalvar.mm */; };
		DB83FD781D4FE5DE009B3204 /* dmmalvar.mm in Sources */ = {isa = PBXBuildFile; fileRef = DB83FD751D4FE5DE009B3204 /* dmmalvar.mm */; };
		DB85D3E925D48BEC00EFD8E7 /* CoreImage.framework in Frameworks */ = {isa = PBXBuildFile; fileRef = DBD0B8D725C7114700CD40C3 /* CoreImage.framework */; };
		DB87BF0217F08DA200E1BF68 /* dcrawx.mm in Sources */ = {isa = PBXBuildFile; fileRef = DB87BF0117F08DA200E1BF68 /* dcrawx.mm */; };
		DB8A884418E3297E007C79AF /* main.m in Sources */ = {isa = PBXBuildFile; fileRef = DB0FC02E1519183C008A9B54 /* main.m */; };
		DB8A884518E3297E007C79AF /* oma2AppDelegate.mm in Sources */ = {isa = PBXBuildFile; fileRef = DB0FC0351519183D008A9B54 /* oma2AppDelegate.mm */; };
		DB8A884618E3297E007C79AF /* CommandView.mm in Sources */ = {isa = PBXBuildFile; fileRef = DB16CA391826960F002588F4 /* CommandView.mm */; };
		DB8A884718E3297E007C79AF /* DrawingWindowController.mm in Sources */ = {isa = PBXBuildFile; fileRef = DBABD56E180208E7007F8801 /* DrawingWindowController.mm */; };
		DB8A884818E3297E007C79AF /* StatusController.mm in Sources */ = {isa = PBXBuildFile; fileRef = DB0FC041151918F0008A9B54 /* StatusController.mm */; };
		DB8A884918E3297E007C79AF /* AppController.mm in Sources */ = {isa = PBXBuildFile; fileRef = DB0FC044151918F0008A9B54 /* AppController.mm */; };
		DB8A884A18E3297E007C79AF /* PreferenceController.mm in Sources */ = {isa = PBXBuildFile; fileRef = DB2BC303151933C9009D9AED /* PreferenceController.mm */; };
		DB8A884B18E3297E007C79AF /* comdec.mm in Sources */ = {isa = PBXBuildFile; fileRef = DBA96AB91520C7090043754E /* comdec.mm */; };
		DB8A884C18E3297E007C79AF /* commands_1.mm in Sources */ = {isa = PBXBuildFile; fileRef = DB021E7515211EFA001D1B05 /* commands_1.mm */; };
		DB8A884D18E3297E007C79AF /* gluedCommands.mm in Sources */ = {isa = PBXBuildFile; fileRef = DB4329B517EF13E900A51802 /* gluedCommands.mm */; };
		DB8A884E18E3297E007C79AF /* image_support.mm in Sources */ = {isa = PBXBuildFile; fileRef = DB021E7715211EFA001D1B05 /* image_support.mm */; };
		DB8A884F18E3297E007C79AF /* image.mm in Sources */ = {isa = PBXBuildFile; fileRef = DB021E7915211EFA001D1B05 /* image.mm */; };
		DB8A885018E3297E007C79AF /* dcrawx.mm in Sources */ = {isa = PBXBuildFile; fileRef = DB87BF0117F08DA200E1BF68 /* dcrawx.mm */; };
		DB8A885118E3297E007C79AF /* DrawingView.mm in Sources */ = {isa = PBXBuildFile; fileRef = DBABD5691802050F007F8801 /* DrawingView.mm */; };
		DB8A885218E3297E007C79AF /* DataWindowController.mm in Sources */ = {isa = PBXBuildFile; fileRef = DB17A30B15247965004F810A /* DataWindowController.mm */; };
		DB8A885318E3297E007C79AF /* dofft.mm in Sources */ = {isa = PBXBuildFile; fileRef = DB4E036D1835272400250EA4 /* dofft.mm */; };
		DB8A885518E3297E007C79AF /* StatusDrop.mm in Sources */ = {isa = PBXBuildFile; fileRef = DBC8157F153DCD54002BEFD4 /* StatusDrop.mm */; };
		DB8A885618E3297E007C79AF /* UI.mm in Sources */ = {isa = PBXBuildFile; fileRef = DBC81582153DFBB7002BEFD4 /* UI.mm */; };
		DB8A885718E3297E007C79AF /* DataView.mm in Sources */ = {isa = PBXBuildFile; fileRef = DB2113581540219200B23364 /* DataView.mm */; };
		DB8A885B18E3297E007C79AF /* ImageIO.framework in Frameworks */ = {isa = PBXBuildFile; fileRef = DBB2C37217F9A187008C03BB /* ImageIO.framework */; };
		DB8A885C18E3297E007C79AF /* Cocoa.framework in Frameworks */ = {isa = PBXBuildFile; fileRef = DB0FC0221519183C008A9B54 /* Cocoa.framework */; };
		DB8A885F18E3297E007C79AF /* InfoPlist.strings in Resources */ = {isa = PBXBuildFile; fileRef = DB0FC02B1519183C008A9B54 /* InfoPlist.strings */; };
		DB8A886018E3297E007C79AF /* Credits.rtf in Resources */ = {isa = PBXBuildFile; fileRef = DB0FC0311519183D008A9B54 /* Credits.rtf */; };
		DB8A886118E3297E007C79AF /* MainMenu.xib in Resources */ = {isa = PBXBuildFile; fileRef = DB0FC0371519183D008A9B54 /* MainMenu.xib */; };
		DB8A886218E3297E007C79AF /* Status.xib in Resources */ = {isa = PBXBuildFile; fileRef = DB0FC042151918F0008A9B54 /* Status.xib */; };
		DB8A886318E3297E007C79AF /* Preferences.xib in Resources */ = {isa = PBXBuildFile; fileRef = DB2BC2FF151930D7009D9AED /* Preferences.xib */; };
		DB8A886418E3297E007C79AF /* plus.jpg in Resources */ = {isa = PBXBuildFile; fileRef = DB593A36151B8B19007CA0C3 /* plus.jpg */; };
		DB8A886518E3297E007C79AF /* box.jpg in Resources */ = {isa = PBXBuildFile; fileRef = DB593A3A151B9766007CA0C3 /* box.jpg */; };
		DB8A886618E3297E007C79AF /* DataWindow.xib in Resources */ = {isa = PBXBuildFile; fileRef = DB17A3041524754A004F810A /* DataWindow.xib */; };
		DB8A886718E3297E007C79AF /* Oma2Settings.icns in Resources */ = {isa = PBXBuildFile; fileRef = DBB27B6A1867F1DF00CF6523 /* Oma2Settings.icns */; };
		DB8A886818E3297E007C79AF /* LightOma2Help in Resources */ = {isa = PBXBuildFile; fileRef = DBAEDEDC187F16FD0019677B /* LightOma2Help */; };
		DB8A886918E3297E007C79AF /* OMApalette.pa1 in Resources */ = {isa = PBXBuildFile; fileRef = DBBD397C155AD06000D5B56B /* OMApalette.pa1 */; };
		DB8A886A18E3297E007C79AF /* OMApalette3.pa1 in Resources */ = {isa = PBXBuildFile; fileRef = DBBD3982155ADD5100D5B56B /* OMApalette3.pa1 */; };
		DB8A886B18E3297E007C79AF /* DrawingWindow.xib in Resources */ = {isa = PBXBuildFile; fileRef = DBA03741181704740042DF6F /* DrawingWindow.xib */; };
		DB8A886C18E3297E007C79AF /* OMApalette2.pa1 in Resources */ = {isa = PBXBuildFile; fileRef = DBBD3983155ADD5100D5B56B /* OMApalette2.pa1 */; };
		DB8A886E18E3297E007C79AF /* c-box.jpg in Resources */ = {isa = PBXBuildFile; fileRef = DBF08DE2159D63980099CB4C /* c-box.jpg */; };
		DB8A886F18E3297E007C79AF /* oma2Icons.icns in Resources */ = {isa = PBXBuildFile; fileRef = DB9B2E43186731EC00EE4871 /* oma2Icons.icns */; };
		DB8A887018E3297E007C79AF /* ruler.jpg in Resources */ = {isa = PBXBuildFile; fileRef = DB1E9B1E15A27EA300F38CE2 /* ruler.jpg */; };
		DB8A887118E3297E007C79AF /* curve.jpg in Resources */ = {isa = PBXBuildFile; fileRef = DB1E9B2115A2804C00F38CE2 /* curve.jpg */; };
		DB8A887218E3297E007C79AF /* pal0.jpg in Resources */ = {isa = PBXBuildFile; fileRef = DB238A4C15A2879900502B50 /* pal0.jpg */; };
		DB8A887318E3297E007C79AF /* pal2.jpg in Resources */ = {isa = PBXBuildFile; fileRef = DB238A4E15A2884F00502B50 /* pal2.jpg */; };
		DB8A887418E3297E007C79AF /* pal1.jpg in Resources */ = {isa = PBXBuildFile; fileRef = DB238A4F15A2884F00502B50 /* pal1.jpg */; };
		DB8A887518E3297E007C79AF /* Oma2Data.icns in Resources */ = {isa = PBXBuildFile; fileRef = DBB27B6C1867F88D00CF6523 /* Oma2Data.icns */; };
		DB8A887618E3297E007C79AF /* Oma2Macro.icns in Resources */ = {isa = PBXBuildFile; fileRef = DBAD2EFC1868975D003F9B55 /* Oma2Macro.icns */; };
		DB8A887718E3297E007C79AF /* pal7.jpg in Resources */ = {isa = PBXBuildFile; fileRef = DB238A5215A2895B00502B50 /* pal7.jpg */; };
		DB8A887818E3297E007C79AF /* pal6.jpg in Resources */ = {isa = PBXBuildFile; fileRef = DB238A5315A2895B00502B50 /* pal6.jpg */; };
		DB8A887918E3297E007C79AF /* pal5.jpg in Resources */ = {isa = PBXBuildFile; fileRef = DB238A5415A2895B00502B50 /* pal5.jpg */; };
		DB8A887A18E3297E007C79AF /* pal4.jpg in Resources */ = {isa = PBXBuildFile; fileRef = DB238A5515A2895B00502B50 /* pal4.jpg */; };
		DB8A887B18E3297E007C79AF /* pal3.jpg in Resources */ = {isa = PBXBuildFile; fileRef = DB238A5615A2895B00502B50 /* pal3.jpg */; };
		DB8A887C18E3297E007C79AF /* oma2help.txt in Resources */ = {isa = PBXBuildFile; fileRef = DBA3B5F616FC781300B7FF27 /* oma2help.txt */; };
		DB8C23F918FC2FC100969763 /* labjackU3.mm in Sources */ = {isa = PBXBuildFile; fileRef = DB8C23F718FC2BA500969763 /* labjackU3.mm */; };
		DB912ADB224CE81100780944 /* OMA Settings in Resources */ = {isa = PBXBuildFile; fileRef = DB912ADA224CE81100780944 /* OMA Settings */; };
		DB912ADC224CE81100780944 /* OMA Settings in Resources */ = {isa = PBXBuildFile; fileRef = DB912ADA224CE81100780944 /* OMA Settings */; };
		DB95A94D1A2F415E00823467 /* VariablesWindowController.mm in Sources */ = {isa = PBXBuildFile; fileRef = DB95A94B1A2F415E00823467 /* VariablesWindowController.mm */; };
		DB95A94E1A2F415E00823467 /* VariablesWindowController.mm in Sources */ = {isa = PBXBuildFile; fileRef = DB95A94B1A2F415E00823467 /* VariablesWindowController.mm */; };
		DB95A94F1A2F415E00823467 /* VariablesWindow.xib in Resources */ = {isa = PBXBuildFile; fileRef = DB95A94C1A2F415E00823467 /* VariablesWindow.xib */; };
		DB95A9501A2F415E00823467 /* VariablesWindow.xib in Resources */ = {isa = PBXBuildFile; fileRef = DB95A94C1A2F415E00823467 /* VariablesWindow.xib */; };
		DB9A98AB22720BFC008ABA5C /* SBIGUDrv.framework in Frameworks */ = {isa = PBXBuildFile; fileRef = DB57E31C18F5901D00FA4D29 /* SBIGUDrv.framework */; settings = {ATTRIBUTES = (Weak, ); }; };
		DB9B2E44186731EC00EE4871 /* oma2Icons.icns in Resources */ = {isa = PBXBuildFile; fileRef = DB9B2E43186731EC00EE4871 /* oma2Icons.icns */; };
		DBA03742181704740042DF6F /* DrawingWindow.xib in Resources */ = {isa = PBXBuildFile; fileRef = DBA03741181704740042DF6F /* DrawingWindow.xib */; };
		DBA3B5F716FC781300B7FF27 /* oma2help.txt in Resources */ = {isa = PBXBuildFile; fileRef = DBA3B5F616FC781300B7FF27 /* oma2help.txt */; };
		DBA3CB871911985800AD10BC /* gpib.mm in Sources */ = {isa = PBXBuildFile; fileRef = DBA3CB851911985800AD10BC /* gpib.mm */; };
		DBA7F676238843FD003F2608 /* LibTiff_F.framework in CopyFiles */ = {isa = PBXBuildFile; fileRef = DB685CE52355633600812918 /* LibTiff_F.framework */; settings = {ATTRIBUTES = (CodeSignOnCopy, RemoveHeadersOnCopy, ); }; };
		DBA96ABA1520C7090043754E /* comdec.mm in Sources */ = {isa = PBXBuildFile; fileRef = DBA96AB91520C7090043754E /* comdec.mm */; };
		DBABD56A1802050F007F8801 /* DrawingView.mm in Sources */ = {isa = PBXBuildFile; fileRef = DBABD5691802050F007F8801 /* DrawingView.mm */; };
		DBABD56F180208E7007F8801 /* DrawingWindowController.mm in Sources */ = {isa = PBXBuildFile; fileRef = DBABD56E180208E7007F8801 /* DrawingWindowController.mm */; };
		DBAD2EFD1868975D003F9B55 /* Oma2Macro.icns in Resources */ = {isa = PBXBuildFile; fileRef = DBAD2EFC1868975D003F9B55 /* Oma2Macro.icns */; };
		DBAEDEDD187F16FD0019677B /* LightOma2Help in Resources */ = {isa = PBXBuildFile; fileRef = DBAEDEDC187F16FD0019677B /* LightOma2Help */; };
		DBB15EF325A78014000437AA /* openCVroutines.mm in Sources */ = {isa = PBXBuildFile; fileRef = DBB15EF025A78014000437AA /* openCVroutines.mm */; };
		DBB27B6B1867F1DF00CF6523 /* Oma2Settings.icns in Resources */ = {isa = PBXBuildFile; fileRef = DBB27B6A1867F1DF00CF6523 /* Oma2Settings.icns */; };
		DBB27B6D1867F88D00CF6523 /* Oma2Data.icns in Resources */ = {isa = PBXBuildFile; fileRef = DBB27B6C1867F88D00CF6523 /* Oma2Data.icns */; };
		DBB2C37317F9A187008C03BB /* ImageIO.framework in Frameworks */ = {isa = PBXBuildFile; fileRef = DBB2C37217F9A187008C03BB /* ImageIO.framework */; };
		DBBA183018FC898600CE7B3C /* liblabjackusb.dylib in Frameworks */ = {isa = PBXBuildFile; fileRef = DB8C23F518FC2B5000969763 /* liblabjackusb.dylib */; settings = {ATTRIBUTES = (Weak, ); }; };
		DBBB5AC422CA2E3A0055E52D /* libgsl.23.dylib in Frameworks */ = {isa = PBXBuildFile; fileRef = DBBB5AC322CA2E3A0055E52D /* libgsl.23.dylib */; settings = {ATTRIBUTES = (Weak, ); }; };
		DBBB5AC522CA2E3A0055E52D /* libgsl.23.dylib in Frameworks */ = {isa = PBXBuildFile; fileRef = DBBB5AC322CA2E3A0055E52D /* libgsl.23.dylib */; settings = {ATTRIBUTES = (Weak, ); }; };
		DBBCFA3418E380B000FEE3F6 /* gige.mm in Sources */ = {isa = PBXBuildFile; fileRef = DBBCFA2518E33D8600FEE3F6 /* gige.mm */; };
		DBBD397D155AD06000D5B56B /* OMApalette.pa1 in Resources */ = {isa = PBXBuildFile; fileRef = DBBD397C155AD06000D5B56B /* OMApalette.pa1 */; };
		DBBD3984155ADD5100D5B56B /* OMApalette3.pa1 in Resources */ = {isa = PBXBuildFile; fileRef = DBBD3982155ADD5100D5B56B /* OMApalette3.pa1 */; };
		DBBD3985155ADD5100D5B56B /* OMApalette2.pa1 in Resources */ = {isa = PBXBuildFile; fileRef = DBBD3983155ADD5100D5B56B /* OMApalette2.pa1 */; };
		DBC3F1FD19129FEF00AD7850 /* VISA.framework in Frameworks */ = {isa = PBXBuildFile; fileRef = DBC3F1FC19129FEF00AD7850 /* VISA.framework */; settings = {ATTRIBUTES = (Weak, ); }; };
		DBC81580153DCD54002BEFD4 /* StatusDrop.mm in Sources */ = {isa = PBXBuildFile; fileRef = DBC8157F153DCD54002BEFD4 /* StatusDrop.mm */; };
		DBC81583153DFBB7002BEFD4 /* UI.mm in Sources */ = {isa = PBXBuildFile; fileRef = DBC81582153DFBB7002BEFD4 /* UI.mm */; };
		DBCB577E22CA389F00988D83 /* libgsl.23.dylib in CopyFiles */ = {isa = PBXBuildFile; fileRef = DBBB5AC322CA2E3A0055E52D /* libgsl.23.dylib */; settings = {ATTRIBUTES = (CodeSignOnCopy, ); }; };
		DBD0B8D825C7114700CD40C3 /* CoreImage.framework in Frameworks */ = {isa = PBXBuildFile; fileRef = DBD0B8D725C7114700CD40C3 /* CoreImage.framework */; };
		DBD2A9412270BA380041852D /* ImageBitmap.mm in Sources */ = {isa = PBXBuildFile; fileRef = DB03625D224D009800DF7BA8 /* ImageBitmap.mm */; };
		DBF08DE3159D63980099CB4C /* c-box.jpg in Resources */ = {isa = PBXBuildFile; fileRef = DBF08DE2159D63980099CB4C /* c-box.jpg */; };
		DBF24A2C1D3B091700115E4E /* dmbilinear.mm in Sources */ = {isa = PBXBuildFile; fileRef = DBF24A2B1D3B091700115E4E /* dmbilinear.mm */; };
		DBF24A2D1D3B091700115E4E /* dmbilinear.mm in Sources */ = {isa = PBXBuildFile; fileRef = DBF24A2B1D3B091700115E4E /* dmbilinear.mm */; };
		DBF879C21906C13F006C5872 /* gphotoCommands.mm in Sources */ = {isa = PBXBuildFile; fileRef = DBF879C11906C13F006C5872 /* gphotoCommands.mm */; };
		DBF879C41906C18D006C5872 /* gphotoFunctions.c in Sources */ = {isa = PBXBuildFile; fileRef = DBF879C31906C18D006C5872 /* gphotoFunctions.c */; };
		DBFB1C7A248FA7810083E9F6 /* SBIGUDrv.framework in Embed Frameworks */ = {isa = PBXBuildFile; fileRef = DB57E31C18F5901D00FA4D29 /* SBIGUDrv.framework */; settings = {ATTRIBUTES = (CodeSignOnCopy, RemoveHeadersOnCopy, ); }; };
		DBFCF5EB18FC3EEF00956047 /* u3.c in Sources */ = {isa = PBXBuildFile; fileRef = DB8C23FF18FC32D500969763 /* u3.c */; };
/* End PBXBuildFile section */

/* Begin PBXCopyFilesBuildPhase section */
		DB371F7818469FD200265D79 /* CopyFiles */ = {
			isa = PBXCopyFilesBuildPhase;
			buildActionMask = 12;
			dstPath = "";
			dstSubfolderSpec = 10;
			files = (
				DBA7F676238843FD003F2608 /* LibTiff_F.framework in CopyFiles */,
				DBCB577E22CA389F00988D83 /* libgsl.23.dylib in CopyFiles */,
			);
			runOnlyForDeploymentPostprocessing = 0;
		};
		DB8A887D18E3297E007C79AF /* CopyFiles */ = {
			isa = PBXCopyFilesBuildPhase;
			buildActionMask = 12;
			dstPath = "";
			dstSubfolderSpec = 10;
			files = (
				DB629C09248E8A500035CB37 /* LibTiff_F.framework in CopyFiles */,
				DB629C06248E8A020035CB37 /* libgsl.23.dylib in CopyFiles */,
				DB629C07248E8A020035CB37 /* libPvAPI.dylib in CopyFiles */,
				DB629C08248E8A020035CB37 /* liblabjackusb.dylib in CopyFiles */,
			);
			runOnlyForDeploymentPostprocessing = 0;
		};
		DBCB578022CA3A4100988D83 /* CopyFiles */ = {
			isa = PBXCopyFilesBuildPhase;
			buildActionMask = 8;
			dstPath = /Applications;
			dstSubfolderSpec = 0;
			files = (
			);
			runOnlyForDeploymentPostprocessing = 1;
		};
		DBD2A9442270BA8F0041852D /* Embed Frameworks */ = {
			isa = PBXCopyFilesBuildPhase;
			buildActionMask = 2147483647;
			dstPath = "";
			dstSubfolderSpec = 10;
			files = (
				DBFB1C7A248FA7810083E9F6 /* SBIGUDrv.framework in Embed Frameworks */,
			);
			name = "Embed Frameworks";
			runOnlyForDeploymentPostprocessing = 0;
		};
/* End PBXCopyFilesBuildPhase section */

/* Begin PBXFileReference section */
		DB021E7515211EFA001D1B05 /* commands_1.mm */ = {isa = PBXFileReference; fileEncoding = 4; lastKnownFileType = sourcecode.cpp.objcpp; path = commands_1.mm; sourceTree = "<group>"; };
		DB021E7615211EFA001D1B05 /* commands_1.h */ = {isa = PBXFileReference; fileEncoding = 4; lastKnownFileType = sourcecode.c.h; path = commands_1.h; sourceTree = "<group>"; };
		DB021E7715211EFA001D1B05 /* image_support.mm */ = {isa = PBXFileReference; fileEncoding = 4; lastKnownFileType = sourcecode.cpp.objcpp; path = image_support.mm; sourceTree = "<group>"; };
		DB021E7815211EFA001D1B05 /* image_support.h */ = {isa = PBXFileReference; fileEncoding = 4; lastKnownFileType = sourcecode.c.h; path = image_support.h; sourceTree = "<group>"; };
		DB021E7915211EFA001D1B05 /* image.mm */ = {isa = PBXFileReference; fileEncoding = 4; lastKnownFileType = sourcecode.cpp.objcpp; path = image.mm; sourceTree = "<group>"; };
		DB021E7A15211EFA001D1B05 /* image.h */ = {isa = PBXFileReference; fileEncoding = 4; lastKnownFileType = sourcecode.c.h; path = image.h; sourceTree = "<group>"; };
		DB021E7F15214040001D1B05 /* comdec.h */ = {isa = PBXFileReference; fileEncoding = 4; lastKnownFileType = sourcecode.c.h; path = comdec.h; sourceTree = "<group>"; };
		DB02914918E46C1F00F497FB /* cameraSelector.h */ = {isa = PBXFileReference; fileEncoding = 4; lastKnownFileType = sourcecode.c.h; path = cameraSelector.h; sourceTree = "<group>"; };
		DB02914A18E46EAF00F497FB /* oma2cam-Prefix.pch */ = {isa = PBXFileReference; fileEncoding = 4; lastKnownFileType = sourcecode.c.h; path = "oma2cam-Prefix.pch"; sourceTree = "<group>"; };
		DB03625D224D009800DF7BA8 /* ImageBitmap.mm */ = {isa = PBXFileReference; fileEncoding = 4; lastKnownFileType = sourcecode.cpp.objcpp; path = ImageBitmap.mm; sourceTree = "<group>"; };
		DB0FC01E1519183C008A9B54 /* oma2.app */ = {isa = PBXFileReference; explicitFileType = wrapper.application; includeInIndex = 0; path = oma2.app; sourceTree = BUILT_PRODUCTS_DIR; };
		DB0FC0221519183C008A9B54 /* Cocoa.framework */ = {isa = PBXFileReference; lastKnownFileType = wrapper.framework; name = Cocoa.framework; path = System/Library/Frameworks/Cocoa.framework; sourceTree = SDKROOT; };
		DB0FC02A1519183C008A9B54 /* oma2-Info.plist */ = {isa = PBXFileReference; lastKnownFileType = text.plist.xml; path = "oma2-Info.plist"; sourceTree = "<group>"; };
		DB0FC02C1519183C008A9B54 /* en */ = {isa = PBXFileReference; lastKnownFileType = text.plist.strings; name = en; path = en.lproj/InfoPlist.strings; sourceTree = "<group>"; };
		DB0FC02E1519183C008A9B54 /* main.m */ = {isa = PBXFileReference; lastKnownFileType = sourcecode.c.objc; path = main.m; sourceTree = "<group>"; };
		DB0FC0301519183D008A9B54 /* oma2-Prefix.pch */ = {isa = PBXFileReference; lastKnownFileType = sourcecode.c.h; path = "oma2-Prefix.pch"; sourceTree = "<group>"; };
		DB0FC0321519183D008A9B54 /* en */ = {isa = PBXFileReference; lastKnownFileType = text.rtf; name = en; path = en.lproj/Credits.rtf; sourceTree = "<group>"; };
		DB0FC0341519183D008A9B54 /* oma2AppDelegate.h */ = {isa = PBXFileReference; lastKnownFileType = sourcecode.c.h; path = oma2AppDelegate.h; sourceTree = "<group>"; };
		DB0FC0351519183D008A9B54 /* oma2AppDelegate.mm */ = {isa = PBXFileReference; lastKnownFileType = sourcecode.cpp.objcpp; path = oma2AppDelegate.mm; sourceTree = "<group>"; };
		DB0FC0381519183D008A9B54 /* en */ = {isa = PBXFileReference; lastKnownFileType = file.xib; name = en; path = en.lproj/MainMenu.xib; sourceTree = "<group>"; };
		DB0FC041151918F0008A9B54 /* StatusController.mm */ = {isa = PBXFileReference; fileEncoding = 4; lastKnownFileType = sourcecode.cpp.objcpp; path = StatusController.mm; sourceTree = "<group>"; };
		DB0FC042151918F0008A9B54 /* Status.xib */ = {isa = PBXFileReference; fileEncoding = 4; lastKnownFileType = file.xib; path = Status.xib; sourceTree = "<group>"; };
		DB0FC043151918F0008A9B54 /* StatusController.h */ = {isa = PBXFileReference; fileEncoding = 4; lastKnownFileType = sourcecode.c.h; path = StatusController.h; sourceTree = "<group>"; };
		DB0FC044151918F0008A9B54 /* AppController.mm */ = {isa = PBXFileReference; fileEncoding = 4; lastKnownFileType = sourcecode.cpp.objcpp; path = AppController.mm; sourceTree = "<group>"; };
		DB0FC045151918F0008A9B54 /* AppController.h */ = {isa = PBXFileReference; fileEncoding = 4; lastKnownFileType = sourcecode.c.h; path = AppController.h; sourceTree = "<group>"; };
		DB16CA381826960F002588F4 /* CommandView.h */ = {isa = PBXFileReference; fileEncoding = 4; lastKnownFileType = sourcecode.c.h; path = CommandView.h; sourceTree = "<group>"; };
		DB16CA391826960F002588F4 /* CommandView.mm */ = {isa = PBXFileReference; fileEncoding = 4; lastKnownFileType = sourcecode.cpp.objcpp; path = CommandView.mm; sourceTree = "<group>"; };
		DB17A3041524754A004F810A /* DataWindow.xib */ = {isa = PBXFileReference; fileEncoding = 4; lastKnownFileType = file.xib; path = DataWindow.xib; sourceTree = "<group>"; };
		DB17A30A15247965004F810A /* DataWindowController.h */ = {isa = PBXFileReference; fileEncoding = 4; lastKnownFileType = sourcecode.c.h; path = DataWindowController.h; sourceTree = "<group>"; };
		DB17A30B15247965004F810A /* DataWindowController.mm */ = {isa = PBXFileReference; fileEncoding = 4; lastKnownFileType = sourcecode.cpp.objcpp; path = DataWindowController.mm; sourceTree = "<group>"; };
		DB1E9B1E15A27EA300F38CE2 /* ruler.jpg */ = {isa = PBXFileReference; lastKnownFileType = image.jpeg; path = ruler.jpg; sourceTree = "<group>"; };
		DB1E9B2115A2804C00F38CE2 /* curve.jpg */ = {isa = PBXFileReference; lastKnownFileType = image.jpeg; path = curve.jpg; sourceTree = "<group>"; };
		DB2113571540219200B23364 /* DataView.h */ = {isa = PBXFileReference; fileEncoding = 4; lastKnownFileType = sourcecode.c.h; path = DataView.h; sourceTree = "<group>"; };
		DB2113581540219200B23364 /* DataView.mm */ = {isa = PBXFileReference; fileEncoding = 4; lastKnownFileType = sourcecode.cpp.objcpp; path = DataView.mm; sourceTree = "<group>"; };
		DB238A4C15A2879900502B50 /* pal0.jpg */ = {isa = PBXFileReference; lastKnownFileType = image.jpeg; path = pal0.jpg; sourceTree = "<group>"; };
		DB238A4E15A2884F00502B50 /* pal2.jpg */ = {isa = PBXFileReference; lastKnownFileType = image.jpeg; path = pal2.jpg; sourceTree = "<group>"; };
		DB238A4F15A2884F00502B50 /* pal1.jpg */ = {isa = PBXFileReference; lastKnownFileType = image.jpeg; path = pal1.jpg; sourceTree = "<group>"; };
		DB238A5215A2895B00502B50 /* pal7.jpg */ = {isa = PBXFileReference; lastKnownFileType = image.jpeg; path = pal7.jpg; sourceTree = "<group>"; };
		DB238A5315A2895B00502B50 /* pal6.jpg */ = {isa = PBXFileReference; lastKnownFileType = image.jpeg; path = pal6.jpg; sourceTree = "<group>"; };
		DB238A5415A2895B00502B50 /* pal5.jpg */ = {isa = PBXFileReference; lastKnownFileType = image.jpeg; path = pal5.jpg; sourceTree = "<group>"; };
		DB238A5515A2895B00502B50 /* pal4.jpg */ = {isa = PBXFileReference; lastKnownFileType = image.jpeg; path = pal4.jpg; sourceTree = "<group>"; };
		DB238A5615A2895B00502B50 /* pal3.jpg */ = {isa = PBXFileReference; lastKnownFileType = image.jpeg; path = pal3.jpg; sourceTree = "<group>"; };
		DB2BC2FF151930D7009D9AED /* Preferences.xib */ = {isa = PBXFileReference; fileEncoding = 4; lastKnownFileType = file.xib; path = Preferences.xib; sourceTree = "<group>"; };
		DB2BC302151933C9009D9AED /* PreferenceController.h */ = {isa = PBXFileReference; fileEncoding = 4; lastKnownFileType = sourcecode.c.h; path = PreferenceController.h; sourceTree = "<group>"; };
		DB2BC303151933C9009D9AED /* PreferenceController.mm */ = {isa = PBXFileReference; fileEncoding = 4; lastKnownFileType = sourcecode.cpp.objcpp; path = PreferenceController.mm; sourceTree = "<group>"; };
		DB2E76B8152611BD004B6502 /* ImageBitmap.h */ = {isa = PBXFileReference; fileEncoding = 4; lastKnownFileType = sourcecode.c.h; path = ImageBitmap.h; sourceTree = "<group>"; };
		DB35125F18F0B8AE00202FFC /* macImageSupport.mm */ = {isa = PBXFileReference; fileEncoding = 4; lastKnownFileType = sourcecode.cpp.objcpp; path = macImageSupport.mm; sourceTree = "<group>"; };
		DB35126218F0BACF00202FFC /* macImageSupport.h */ = {isa = PBXFileReference; fileEncoding = 4; lastKnownFileType = sourcecode.c.h; path = macImageSupport.h; sourceTree = "<group>"; };
		DB3E355C18E6030300381607 /* serial.c */ = {isa = PBXFileReference; fileEncoding = 4; lastKnownFileType = sourcecode.c.c; path = serial.c; sourceTree = "<group>"; };
		DB4329B417EF13E900A51802 /* gluedCommands.h */ = {isa = PBXFileReference; fileEncoding = 4; lastKnownFileType = sourcecode.c.h; path = gluedCommands.h; sourceTree = "<group>"; };
		DB4329B517EF13E900A51802 /* gluedCommands.mm */ = {isa = PBXFileReference; fileEncoding = 4; lastKnownFileType = sourcecode.cpp.objcpp; path = gluedCommands.mm; sourceTree = "<group>"; };
		DB4E036D1835272400250EA4 /* dofft.mm */ = {isa = PBXFileReference; fileEncoding = 4; lastKnownFileType = sourcecode.cpp.objcpp; path = dofft.mm; sourceTree = "<group>"; };
		DB4E036F183527B200250EA4 /* dofft.h */ = {isa = PBXFileReference; lastKnownFileType = sourcecode.c.h; path = dofft.h; sourceTree = "<group>"; };
		DB51D9DB2274CF7F00917D5C /* libPvAPI.dylib */ = {isa = PBXFileReference; lastKnownFileType = "compiled.mach-o.dylib"; path = libPvAPI.dylib; sourceTree = "<group>"; };
		DB52C79E17F102130048F57A /* dcrawx.h */ = {isa = PBXFileReference; fileEncoding = 4; lastKnownFileType = sourcecode.c.h; path = dcrawx.h; sourceTree = "<group>"; };
		DB57E31818F58D7900FA4D29 /* sbig.mm */ = {isa = PBXFileReference; fileEncoding = 4; lastKnownFileType = sourcecode.cpp.objcpp; path = sbig.mm; sourceTree = "<group>"; };
		DB57E31C18F5901D00FA4D29 /* SBIGUDrv.framework */ = {isa = PBXFileReference; lastKnownFileType = wrapper.framework; path = SBIGUDrv.framework; sourceTree = "<group>"; };
		DB593A36151B8B19007CA0C3 /* plus.jpg */ = {isa = PBXFileReference; lastKnownFileType = image.jpeg; path = plus.jpg; sourceTree = "<group>"; };
		DB593A3A151B9766007CA0C3 /* box.jpg */ = {isa = PBXFileReference; lastKnownFileType = image.jpeg; path = box.jpg; sourceTree = "<group>"; };
		DB685CE52355633600812918 /* LibTiff_F.framework */ = {isa = PBXFileReference; lastKnownFileType = wrapper.framework; path = LibTiff_F.framework; sourceTree = "<group>"; };
		DB6EDB2E1912A3C00032934F /* gpib.h */ = {isa = PBXFileReference; fileEncoding = 4; lastKnownFileType = sourcecode.c.h; path = gpib.h; sourceTree = "<group>"; };
		DB6FF6FF18467F46002D728B /* tiff.h */ = {isa = PBXFileReference; fileEncoding = 4; lastKnownFileType = sourcecode.c.h; path = tiff.h; sourceTree = "<group>"; };
		DB6FF70018467F46002D728B /* tiffio.h */ = {isa = PBXFileReference; fileEncoding = 4; lastKnownFileType = sourcecode.c.h; path = tiffio.h; sourceTree = "<group>"; };
		DB6FF70118467F46002D728B /* tiffvers.h */ = {isa = PBXFileReference; fileEncoding = 4; lastKnownFileType = sourcecode.c.h; path = tiffvers.h; sourceTree = "<group>"; };
		DB83FD751D4FE5DE009B3204 /* dmmalvar.mm */ = {isa = PBXFileReference; fileEncoding = 4; lastKnownFileType = sourcecode.cpp.objcpp; path = dmmalvar.mm; sourceTree = "<group>"; };
		DB83FD761D4FE5DE009B3204 /* dmmalvar.h */ = {isa = PBXFileReference; fileEncoding = 4; lastKnownFileType = sourcecode.c.h; path = dmmalvar.h; sourceTree = "<group>"; };
		DB87BF0117F08DA200E1BF68 /* dcrawx.mm */ = {isa = PBXFileReference; fileEncoding = 4; lastKnownFileType = sourcecode.cpp.objcpp; path = dcrawx.mm; sourceTree = "<group>"; };
		DB8A888218E3297E007C79AF /* oma2cam.app */ = {isa = PBXFileReference; explicitFileType = wrapper.application; includeInIndex = 0; path = oma2cam.app; sourceTree = BUILT_PRODUCTS_DIR; };
		DB8C23F518FC2B5000969763 /* liblabjackusb.dylib */ = {isa = PBXFileReference; lastKnownFileType = "compiled.mach-o.dylib"; path = liblabjackusb.dylib; sourceTree = "<group>"; };
		DB8C23F718FC2BA500969763 /* labjackU3.mm */ = {isa = PBXFileReference; fileEncoding = 4; lastKnownFileType = sourcecode.cpp.objcpp; path = labjackU3.mm; sourceTree = "<group>"; };
		DB8C23FA18FC2FF200969763 /* u3.h */ = {isa = PBXFileReference; fileEncoding = 4; lastKnownFileType = sourcecode.c.h; path = u3.h; sourceTree = "<group>"; };
		DB8C23FB18FC302F00969763 /* labjackusb.h */ = {isa = PBXFileReference; lastKnownFileType = sourcecode.c.h; path = labjackusb.h; sourceTree = "<group>"; };
		DB8C23FF18FC32D500969763 /* u3.c */ = {isa = PBXFileReference; fileEncoding = 4; lastKnownFileType = sourcecode.c.c; path = u3.c; sourceTree = "<group>"; };
		DB912ADA224CE81100780944 /* OMA Settings */ = {isa = PBXFileReference; lastKnownFileType = file; path = "OMA Settings"; sourceTree = "<group>"; };
		DB95A94A1A2F415E00823467 /* VariablesWindowController.h */ = {isa = PBXFileReference; fileEncoding = 4; lastKnownFileType = sourcecode.c.h; path = VariablesWindowController.h; sourceTree = "<group>"; };
		DB95A94B1A2F415E00823467 /* VariablesWindowController.mm */ = {isa = PBXFileReference; fileEncoding = 4; lastKnownFileType = sourcecode.cpp.objcpp; path = VariablesWindowController.mm; sourceTree = "<group>"; };
		DB95A94C1A2F415E00823467 /* VariablesWindow.xib */ = {isa = PBXFileReference; fileEncoding = 4; lastKnownFileType = file.xib; path = VariablesWindow.xib; sourceTree = "<group>"; };
		DB9B2E43186731EC00EE4871 /* oma2Icons.icns */ = {isa = PBXFileReference; lastKnownFileType = image.icns; path = oma2Icons.icns; sourceTree = "<group>"; };
		DBA03741181704740042DF6F /* DrawingWindow.xib */ = {isa = PBXFileReference; fileEncoding = 4; lastKnownFileType = file.xib; path = DrawingWindow.xib; sourceTree = "<group>"; };
		DBA3B5F616FC781300B7FF27 /* oma2help.txt */ = {isa = PBXFileReference; fileEncoding = 4; lastKnownFileType = text; lineEnding = 0; path = oma2help.txt; sourceTree = "<group>"; usesTabs = 1; };
		DBA3CB851911985800AD10BC /* gpib.mm */ = {isa = PBXFileReference; fileEncoding = 4; lastKnownFileType = sourcecode.cpp.objcpp; path = gpib.mm; sourceTree = "<group>"; };
		DBA96AB91520C7090043754E /* comdec.mm */ = {isa = PBXFileReference; fileEncoding = 4; lastKnownFileType = sourcecode.cpp.objcpp; path = comdec.mm; sourceTree = "<group>"; };
		DBA96ABB1520C7820043754E /* oma2.h */ = {isa = PBXFileReference; fileEncoding = 4; lastKnownFileType = sourcecode.c.h; path = oma2.h; sourceTree = "<group>"; };
		DBA96ABC1520CA9C0043754E /* UI.h */ = {isa = PBXFileReference; fileEncoding = 4; lastKnownFileType = sourcecode.c.h; path = UI.h; sourceTree = "<group>"; };
		DBABD5681802050F007F8801 /* DrawingView.h */ = {isa = PBXFileReference; fileEncoding = 4; lastKnownFileType = sourcecode.c.h; path = DrawingView.h; sourceTree = "<group>"; };
		DBABD5691802050F007F8801 /* DrawingView.mm */ = {isa = PBXFileReference; fileEncoding = 4; lastKnownFileType = sourcecode.cpp.objcpp; path = DrawingView.mm; sourceTree = "<group>"; };
		DBABD56D180208E7007F8801 /* DrawingWindowController.h */ = {isa = PBXFileReference; fileEncoding = 4; lastKnownFileType = sourcecode.c.h; path = DrawingWindowController.h; sourceTree = "<group>"; };
		DBABD56E180208E7007F8801 /* DrawingWindowController.mm */ = {isa = PBXFileReference; fileEncoding = 4; lastKnownFileType = sourcecode.cpp.objcpp; path = DrawingWindowController.mm; sourceTree = "<group>"; };
		DBAD2EFC1868975D003F9B55 /* Oma2Macro.icns */ = {isa = PBXFileReference; lastKnownFileType = image.icns; path = Oma2Macro.icns; sourceTree = "<group>"; };
		DBAEDEDC187F16FD0019677B /* LightOma2Help */ = {isa = PBXFileReference; lastKnownFileType = folder; path = LightOma2Help; sourceTree = "<group>"; };
		DBB15EF025A78014000437AA /* openCVroutines.mm */ = {isa = PBXFileReference; lastKnownFileType = sourcecode.cpp.objcpp; path = openCVroutines.mm; sourceTree = "<group>"; };
		DBB15EF125A78014000437AA /* openCVroutines.h */ = {isa = PBXFileReference; lastKnownFileType = sourcecode.c.h; path = openCVroutines.h; sourceTree = "<group>"; };
		DBB27B6A1867F1DF00CF6523 /* Oma2Settings.icns */ = {isa = PBXFileReference; lastKnownFileType = image.icns; path = Oma2Settings.icns; sourceTree = "<group>"; };
		DBB27B6C1867F88D00CF6523 /* Oma2Data.icns */ = {isa = PBXFileReference; lastKnownFileType = image.icns; path = Oma2Data.icns; sourceTree = "<group>"; };
		DBB2C37217F9A187008C03BB /* ImageIO.framework */ = {isa = PBXFileReference; lastKnownFileType = wrapper.framework; name = ImageIO.framework; path = System/Library/Frameworks/ImageIO.framework; sourceTree = SDKROOT; };
		DBBB5AC322CA2E3A0055E52D /* libgsl.23.dylib */ = {isa = PBXFileReference; lastKnownFileType = "compiled.mach-o.dylib"; path = libgsl.23.dylib; sourceTree = "<group>"; };
		DBBCFA2518E33D8600FEE3F6 /* gige.mm */ = {isa = PBXFileReference; fileEncoding = 4; lastKnownFileType = sourcecode.cpp.objcpp; path = gige.mm; sourceTree = "<group>"; };
		DBBCFA2718E33E5400FEE3F6 /* ImageLib.h */ = {isa = PBXFileReference; fileEncoding = 4; lastKnownFileType = sourcecode.c.h; path = ImageLib.h; sourceTree = "<group>"; };
		DBBCFA2818E33E5400FEE3F6 /* PvApi.h */ = {isa = PBXFileReference; fileEncoding = 4; lastKnownFileType = sourcecode.c.h; path = PvApi.h; sourceTree = "<group>"; };
		DBBD397C155AD06000D5B56B /* OMApalette.pa1 */ = {isa = PBXFileReference; lastKnownFileType = file; path = OMApalette.pa1; sourceTree = "<group>"; };
		DBBD3982155ADD5100D5B56B /* OMApalette3.pa1 */ = {isa = PBXFileReference; lastKnownFileType = file; path = OMApalette3.pa1; sourceTree = "<group>"; };
		DBBD3983155ADD5100D5B56B /* OMApalette2.pa1 */ = {isa = PBXFileReference; lastKnownFileType = file; path = OMApalette2.pa1; sourceTree = "<group>"; };
		DBC3F1FC19129FEF00AD7850 /* VISA.framework */ = {isa = PBXFileReference; lastKnownFileType = wrapper.framework; path = VISA.framework; sourceTree = "<group>"; };
		DBC8157E153DCD54002BEFD4 /* StatusDrop.h */ = {isa = PBXFileReference; fileEncoding = 4; lastKnownFileType = sourcecode.c.h; path = StatusDrop.h; sourceTree = "<group>"; };
		DBC8157F153DCD54002BEFD4 /* StatusDrop.mm */ = {isa = PBXFileReference; fileEncoding = 4; lastKnownFileType = sourcecode.cpp.objcpp; path = StatusDrop.mm; sourceTree = "<group>"; };
		DBC81582153DFBB7002BEFD4 /* UI.mm */ = {isa = PBXFileReference; fileEncoding = 4; lastKnownFileType = sourcecode.cpp.objcpp; path = UI.mm; sourceTree = "<group>"; };
		DBD0B8D725C7114700CD40C3 /* CoreImage.framework */ = {isa = PBXFileReference; lastKnownFileType = wrapper.framework; name = CoreImage.framework; path = System/Library/Frameworks/CoreImage.framework; sourceTree = SDKROOT; };
		DBF08DE2159D63980099CB4C /* c-box.jpg */ = {isa = PBXFileReference; lastKnownFileType = image.jpeg; path = "c-box.jpg"; sourceTree = "<group>"; };
		DBF24A2A1D3B091700115E4E /* dmbilinear.h */ = {isa = PBXFileReference; fileEncoding = 4; lastKnownFileType = sourcecode.c.h; path = dmbilinear.h; sourceTree = "<group>"; };
		DBF24A2B1D3B091700115E4E /* dmbilinear.mm */ = {isa = PBXFileReference; fileEncoding = 4; lastKnownFileType = sourcecode.cpp.objcpp; path = dmbilinear.mm; sourceTree = "<group>"; };
		DBF879C11906C13F006C5872 /* gphotoCommands.mm */ = {isa = PBXFileReference; fileEncoding = 4; lastKnownFileType = sourcecode.cpp.objcpp; path = gphotoCommands.mm; sourceTree = "<group>"; };
		DBF879C31906C18D006C5872 /* gphotoFunctions.c */ = {isa = PBXFileReference; fileEncoding = 4; lastKnownFileType = sourcecode.c.c; path = gphotoFunctions.c; sourceTree = "<group>"; };
		DBF879C51906C6FC006C5872 /* gphotoFunctions.h */ = {isa = PBXFileReference; fileEncoding = 4; lastKnownFileType = sourcecode.c.h; path = gphotoFunctions.h; sourceTree = "<group>"; };
/* End PBXFileReference section */

/* Begin PBXFrameworksBuildPhase section */
		DB0FC01B1519183C008A9B54 /* Frameworks */ = {
			isa = PBXFrameworksBuildPhase;
			buildActionMask = 2147483647;
			files = (
				DB85D3E925D48BEC00EFD8E7 /* CoreImage.framework in Frameworks */,
				DB685CE62355633600812918 /* LibTiff_F.framework in Frameworks */,
				DBBB5AC422CA2E3A0055E52D /* libgsl.23.dylib in Frameworks */,
				DBB2C37317F9A187008C03BB /* ImageIO.framework in Frameworks */,
				DB0FC0231519183C008A9B54 /* Cocoa.framework in Frameworks */,
			);
			runOnlyForDeploymentPostprocessing = 0;
		};
		DB8A885918E3297E007C79AF /* Frameworks */ = {
			isa = PBXFrameworksBuildPhase;
			buildActionMask = 2147483647;
			files = (
				DBD0B8D825C7114700CD40C3 /* CoreImage.framework in Frameworks */,
				DB9A98AB22720BFC008ABA5C /* SBIGUDrv.framework in Frameworks */,
				DB8A885B18E3297E007C79AF /* ImageIO.framework in Frameworks */,
				DB8A885C18E3297E007C79AF /* Cocoa.framework in Frameworks */,
				DBC3F1FD19129FEF00AD7850 /* VISA.framework in Frameworks */,
				DB685CE72355633600812918 /* LibTiff_F.framework in Frameworks */,
				DBBB5AC522CA2E3A0055E52D /* libgsl.23.dylib in Frameworks */,
				DBBA183018FC898600CE7B3C /* liblabjackusb.dylib in Frameworks */,
				DB51D9DC2274CF7F00917D5C /* libPvAPI.dylib in Frameworks */,
			);
			runOnlyForDeploymentPostprocessing = 0;
		};
/* End PBXFrameworksBuildPhase section */

/* Begin PBXGroup section */
		DB03B5BA227C645900601BFC /* icons */ = {
			isa = PBXGroup;
			children = (
				DBB27B6A1867F1DF00CF6523 /* Oma2Settings.icns */,
				DB9B2E43186731EC00EE4871 /* oma2Icons.icns */,
				DBAD2EFC1868975D003F9B55 /* Oma2Macro.icns */,
				DBB27B6C1867F88D00CF6523 /* Oma2Data.icns */,
			);
			path = icons;
			sourceTree = "<group>";
		};
		DB0FC0131519183B008A9B54 = {
			isa = PBXGroup;
			children = (
				DB0FC0281519183C008A9B54 /* oma2 */,
				DBB4233C17F9B942005BCF33 /* Libraries */,
				DB0FC0211519183C008A9B54 /* Frameworks */,
				DB0FC01F1519183C008A9B54 /* Products */,
			);
			sourceTree = "<group>";
			usesTabs = 0;
		};
		DB0FC01F1519183C008A9B54 /* Products */ = {
			isa = PBXGroup;
			children = (
				DB0FC01E1519183C008A9B54 /* oma2.app */,
				DB8A888218E3297E007C79AF /* oma2cam.app */,
			);
			name = Products;
			sourceTree = "<group>";
		};
		DB0FC0211519183C008A9B54 /* Frameworks */ = {
			isa = PBXGroup;
			children = (
				DBD0B8D725C7114700CD40C3 /* CoreImage.framework */,
				DBB2C37217F9A187008C03BB /* ImageIO.framework */,
				DB0FC0221519183C008A9B54 /* Cocoa.framework */,
				DB0FC0241519183C008A9B54 /* Other Frameworks */,
			);
			name = Frameworks;
			sourceTree = "<group>";
		};
		DB0FC0241519183C008A9B54 /* Other Frameworks */ = {
			isa = PBXGroup;
			children = (
				DB685CE52355633600812918 /* LibTiff_F.framework */,
				DBC3F1FC19129FEF00AD7850 /* VISA.framework */,
				DB57E31C18F5901D00FA4D29 /* SBIGUDrv.framework */,
			);
			name = "Other Frameworks";
			sourceTree = "<group>";
		};
		DB0FC0281519183C008A9B54 /* oma2 */ = {
			isa = PBXGroup;
			children = (
				DB42231218E3273900FA48D6 /* Hardware Related */,
				DBA96AB81520C6AC0043754E /* UI Independent */,
				DBA96AB21520C34F0043754E /* UI */,
				DB03B5BA227C645900601BFC /* icons */,
				DB0FC0291519183C008A9B54 /* Supporting Files */,
			);
			path = oma2;
			sourceTree = "<group>";
		};
		DB0FC0291519183C008A9B54 /* Supporting Files */ = {
			isa = PBXGroup;
			children = (
				DBAEDEDC187F16FD0019677B /* LightOma2Help */,
				DBA3B5F616FC781300B7FF27 /* oma2help.txt */,
				DB238A5215A2895B00502B50 /* pal7.jpg */,
				DB238A5315A2895B00502B50 /* pal6.jpg */,
				DB238A5415A2895B00502B50 /* pal5.jpg */,
				DB238A5515A2895B00502B50 /* pal4.jpg */,
				DB238A5615A2895B00502B50 /* pal3.jpg */,
				DB238A4E15A2884F00502B50 /* pal2.jpg */,
				DB238A4F15A2884F00502B50 /* pal1.jpg */,
				DB238A4C15A2879900502B50 /* pal0.jpg */,
				DB1E9B2115A2804C00F38CE2 /* curve.jpg */,
				DB1E9B1E15A27EA300F38CE2 /* ruler.jpg */,
				DBBD3982155ADD5100D5B56B /* OMApalette3.pa1 */,
				DBBD3983155ADD5100D5B56B /* OMApalette2.pa1 */,
				DBBD397C155AD06000D5B56B /* OMApalette.pa1 */,
				DB593A36151B8B19007CA0C3 /* plus.jpg */,
				DB593A3A151B9766007CA0C3 /* box.jpg */,
				DBF08DE2159D63980099CB4C /* c-box.jpg */,
				DB0FC02A1519183C008A9B54 /* oma2-Info.plist */,
				DB0FC02B1519183C008A9B54 /* InfoPlist.strings */,
				DB0FC02E1519183C008A9B54 /* main.m */,
				DB0FC0301519183D008A9B54 /* oma2-Prefix.pch */,
				DB02914A18E46EAF00F497FB /* oma2cam-Prefix.pch */,
				DB912ADA224CE81100780944 /* OMA Settings */,
				DB0FC0311519183D008A9B54 /* Credits.rtf */,
			);
			name = "Supporting Files";
			sourceTree = "<group>";
		};
		DB42231218E3273900FA48D6 /* Hardware Related */ = {
			isa = PBXGroup;
			children = (
				DB02914918E46C1F00F497FB /* cameraSelector.h */,
				DBA3CB851911985800AD10BC /* gpib.mm */,
				DB6EDB2E1912A3C00032934F /* gpib.h */,
				DBBCFA2518E33D8600FEE3F6 /* gige.mm */,
				DBBCFA2718E33E5400FEE3F6 /* ImageLib.h */,
				DBBCFA2818E33E5400FEE3F6 /* PvApi.h */,
				DB3E355C18E6030300381607 /* serial.c */,
				DBF879C11906C13F006C5872 /* gphotoCommands.mm */,
				DBF879C31906C18D006C5872 /* gphotoFunctions.c */,
				DBF879C51906C6FC006C5872 /* gphotoFunctions.h */,
				DB57E31818F58D7900FA4D29 /* sbig.mm */,
				DB8C23F718FC2BA500969763 /* labjackU3.mm */,
				DB8C23FF18FC32D500969763 /* u3.c */,
				DB8C23FB18FC302F00969763 /* labjackusb.h */,
				DB8C23FA18FC2FF200969763 /* u3.h */,
				DBB15EF025A78014000437AA /* openCVroutines.mm */,
				DBB15EF125A78014000437AA /* openCVroutines.h */,
			);
			name = "Hardware Related";
			sourceTree = "<group>";
		};
		DBA96AB21520C34F0043754E /* UI */ = {
			isa = PBXGroup;
			children = (
				DBA96ABC1520CA9C0043754E /* UI.h */,
				DBC81582153DFBB7002BEFD4 /* UI.mm */,
				DB0FC0341519183D008A9B54 /* oma2AppDelegate.h */,
				DB0FC0351519183D008A9B54 /* oma2AppDelegate.mm */,
				DB0FC045151918F0008A9B54 /* AppController.h */,
				DB0FC044151918F0008A9B54 /* AppController.mm */,
				DB16CA381826960F002588F4 /* CommandView.h */,
				DB16CA391826960F002588F4 /* CommandView.mm */,
				DB17A30A15247965004F810A /* DataWindowController.h */,
				DB17A30B15247965004F810A /* DataWindowController.mm */,
				DB2113571540219200B23364 /* DataView.h */,
				DB2113581540219200B23364 /* DataView.mm */,
				DB17A3041524754A004F810A /* DataWindow.xib */,
				DBABD56D180208E7007F8801 /* DrawingWindowController.h */,
				DBABD56E180208E7007F8801 /* DrawingWindowController.mm */,
				DBABD5681802050F007F8801 /* DrawingView.h */,
				DBABD5691802050F007F8801 /* DrawingView.mm */,
				DBA03741181704740042DF6F /* DrawingWindow.xib */,
				DB0FC0371519183D008A9B54 /* MainMenu.xib */,
				DB95A94C1A2F415E00823467 /* VariablesWindow.xib */,
				DB95A94A1A2F415E00823467 /* VariablesWindowController.h */,
				DB95A94B1A2F415E00823467 /* VariablesWindowController.mm */,
				DB2BC2FF151930D7009D9AED /* Preferences.xib */,
				DB2BC302151933C9009D9AED /* PreferenceController.h */,
				DB2BC303151933C9009D9AED /* PreferenceController.mm */,
				DB0FC042151918F0008A9B54 /* Status.xib */,
				DB0FC043151918F0008A9B54 /* StatusController.h */,
				DB0FC041151918F0008A9B54 /* StatusController.mm */,
				DBC8157E153DCD54002BEFD4 /* StatusDrop.h */,
				DBC8157F153DCD54002BEFD4 /* StatusDrop.mm */,
				DB35126218F0BACF00202FFC /* macImageSupport.h */,
				DB35125F18F0B8AE00202FFC /* macImageSupport.mm */,
			);
			name = UI;
			sourceTree = "<group>";
		};
		DBA96AB81520C6AC0043754E /* UI Independent */ = {
			isa = PBXGroup;
			children = (
				DBF24A2A1D3B091700115E4E /* dmbilinear.h */,
				DBF24A2B1D3B091700115E4E /* dmbilinear.mm */,
				DB83FD761D4FE5DE009B3204 /* dmmalvar.h */,
				DB83FD751D4FE5DE009B3204 /* dmmalvar.mm */,
				DB2E76B8152611BD004B6502 /* ImageBitmap.h */,
				DB03625D224D009800DF7BA8 /* ImageBitmap.mm */,
				DBA96ABB1520C7820043754E /* oma2.h */,
				DB021E7A15211EFA001D1B05 /* image.h */,
				DB021E7915211EFA001D1B05 /* image.mm */,
				DB021E7815211EFA001D1B05 /* image_support.h */,
				DB021E7715211EFA001D1B05 /* image_support.mm */,
				DB6FF6FF18467F46002D728B /* tiff.h */,
				DB6FF70018467F46002D728B /* tiffio.h */,
				DB6FF70118467F46002D728B /* tiffvers.h */,
				DB52C79E17F102130048F57A /* dcrawx.h */,
				DB87BF0117F08DA200E1BF68 /* dcrawx.mm */,
				DB4E036F183527B200250EA4 /* dofft.h */,
				DB4E036D1835272400250EA4 /* dofft.mm */,
				DB021E7615211EFA001D1B05 /* commands_1.h */,
				DB021E7515211EFA001D1B05 /* commands_1.mm */,
				DB4329B417EF13E900A51802 /* gluedCommands.h */,
				DB4329B517EF13E900A51802 /* gluedCommands.mm */,
				DB021E7F15214040001D1B05 /* comdec.h */,
				DBA96AB91520C7090043754E /* comdec.mm */,
			);
			name = "UI Independent";
			sourceTree = "<group>";
		};
		DBB4233C17F9B942005BCF33 /* Libraries */ = {
			isa = PBXGroup;
			children = (
				DBBB5AC322CA2E3A0055E52D /* libgsl.23.dylib */,
				DB51D9DB2274CF7F00917D5C /* libPvAPI.dylib */,
				DB8C23F518FC2B5000969763 /* liblabjackusb.dylib */,
			);
			name = Libraries;
			path = oma2;
			sourceTree = "<group>";
		};
/* End PBXGroup section */

/* Begin PBXNativeTarget section */
		DB0FC01D1519183C008A9B54 /* oma2 */ = {
			isa = PBXNativeTarget;
			buildConfigurationList = DB0FC03C1519183D008A9B54 /* Build configuration list for PBXNativeTarget "oma2" */;
			buildPhases = (
				DB0FC01A1519183C008A9B54 /* Sources */,
				DB0FC01B1519183C008A9B54 /* Frameworks */,
				DB0FC01C1519183C008A9B54 /* Resources */,
				DB371F7818469FD200265D79 /* CopyFiles */,
				DBCB578022CA3A4100988D83 /* CopyFiles */,
			);
			buildRules = (
			);
			dependencies = (
			);
			name = oma2;
			productName = oma2;
			productReference = DB0FC01E1519183C008A9B54 /* oma2.app */;
			productType = "com.apple.product-type.application";
		};
		DB8A884218E3297E007C79AF /* oma2cam */ = {
			isa = PBXNativeTarget;
			buildConfigurationList = DB8A887F18E3297E007C79AF /* Build configuration list for PBXNativeTarget "oma2cam" */;
			buildPhases = (
				DB8A884318E3297E007C79AF /* Sources */,
				DB8A885918E3297E007C79AF /* Frameworks */,
				DB8A885E18E3297E007C79AF /* Resources */,
				DBD2A9442270BA8F0041852D /* Embed Frameworks */,
				DB8A887D18E3297E007C79AF /* CopyFiles */,
			);
			buildRules = (
			);
			dependencies = (
			);
			name = oma2cam;
			productName = oma2;
			productReference = DB8A888218E3297E007C79AF /* oma2cam.app */;
			productType = "com.apple.product-type.application";
		};
/* End PBXNativeTarget section */

/* Begin PBXProject section */
		DB0FC0151519183B008A9B54 /* Project object */ = {
			isa = PBXProject;
			attributes = {
				LastUpgradeCheck = 1100;
				ORGANIZATIONNAME = "Yale University";
				TargetAttributes = {
					DB0FC01D1519183C008A9B54 = {
						ProvisioningStyle = Automatic;
					};
					DB8A884218E3297E007C79AF = {
						ProvisioningStyle = Automatic;
					};
				};
			};
			buildConfigurationList = DB0FC0181519183B008A9B54 /* Build configuration list for PBXProject "oma2" */;
			compatibilityVersion = "Xcode 6.3";
			developmentRegion = English;
			hasScannedForEncodings = 0;
			knownRegions = (
				English,
				en,
			);
			mainGroup = DB0FC0131519183B008A9B54;
			productRefGroup = DB0FC01F1519183C008A9B54 /* Products */;
			projectDirPath = "";
			projectRoot = "";
			targets = (
				DB0FC01D1519183C008A9B54 /* oma2 */,
				DB8A884218E3297E007C79AF /* oma2cam */,
			);
		};
/* End PBXProject section */

/* Begin PBXResourcesBuildPhase section */
		DB0FC01C1519183C008A9B54 /* Resources */ = {
			isa = PBXResourcesBuildPhase;
			buildActionMask = 2147483647;
			files = (
				DB0FC02D1519183C008A9B54 /* InfoPlist.strings in Resources */,
				DB0FC0331519183D008A9B54 /* Credits.rtf in Resources */,
				DB0FC0391519183D008A9B54 /* MainMenu.xib in Resources */,
				DB0FC047151918F0008A9B54 /* Status.xib in Resources */,
				DB2BC300151930D7009D9AED /* Preferences.xib in Resources */,
				DB593A37151B8B19007CA0C3 /* plus.jpg in Resources */,
				DB593A3B151B9766007CA0C3 /* box.jpg in Resources */,
				DB17A3051524754A004F810A /* DataWindow.xib in Resources */,
				DBB27B6B1867F1DF00CF6523 /* Oma2Settings.icns in Resources */,
				DBAEDEDD187F16FD0019677B /* LightOma2Help in Resources */,
				DBBD397D155AD06000D5B56B /* OMApalette.pa1 in Resources */,
				DBBD3984155ADD5100D5B56B /* OMApalette3.pa1 in Resources */,
				DBA03742181704740042DF6F /* DrawingWindow.xib in Resources */,
				DBBD3985155ADD5100D5B56B /* OMApalette2.pa1 in Resources */,
				DB95A94F1A2F415E00823467 /* VariablesWindow.xib in Resources */,
				DBF08DE3159D63980099CB4C /* c-box.jpg in Resources */,
				DB9B2E44186731EC00EE4871 /* oma2Icons.icns in Resources */,
				DB1E9B1F15A27EA300F38CE2 /* ruler.jpg in Resources */,
				DB1E9B2215A2804C00F38CE2 /* curve.jpg in Resources */,
				DB238A4D15A2879900502B50 /* pal0.jpg in Resources */,
				DB238A5015A2884F00502B50 /* pal2.jpg in Resources */,
				DB238A5115A2884F00502B50 /* pal1.jpg in Resources */,
				DBB27B6D1867F88D00CF6523 /* Oma2Data.icns in Resources */,
				DBAD2EFD1868975D003F9B55 /* Oma2Macro.icns in Resources */,
				DB238A5715A2895B00502B50 /* pal7.jpg in Resources */,
				DB912ADB224CE81100780944 /* OMA Settings in Resources */,
				DB238A5815A2895B00502B50 /* pal6.jpg in Resources */,
				DB238A5915A2895B00502B50 /* pal5.jpg in Resources */,
				DB238A5A15A2895B00502B50 /* pal4.jpg in Resources */,
				DB238A5B15A2895B00502B50 /* pal3.jpg in Resources */,
				DBA3B5F716FC781300B7FF27 /* oma2help.txt in Resources */,
			);
			runOnlyForDeploymentPostprocessing = 0;
		};
		DB8A885E18E3297E007C79AF /* Resources */ = {
			isa = PBXResourcesBuildPhase;
			buildActionMask = 2147483647;
			files = (
				DB8A885F18E3297E007C79AF /* InfoPlist.strings in Resources */,
				DB8A886018E3297E007C79AF /* Credits.rtf in Resources */,
				DB8A886118E3297E007C79AF /* MainMenu.xib in Resources */,
				DB8A886218E3297E007C79AF /* Status.xib in Resources */,
				DB8A886318E3297E007C79AF /* Preferences.xib in Resources */,
				DB8A886418E3297E007C79AF /* plus.jpg in Resources */,
				DB8A886518E3297E007C79AF /* box.jpg in Resources */,
				DB8A886618E3297E007C79AF /* DataWindow.xib in Resources */,
				DB8A886718E3297E007C79AF /* Oma2Settings.icns in Resources */,
				DB8A886818E3297E007C79AF /* LightOma2Help in Resources */,
				DB8A886918E3297E007C79AF /* OMApalette.pa1 in Resources */,
				DB8A886A18E3297E007C79AF /* OMApalette3.pa1 in Resources */,
				DB8A886B18E3297E007C79AF /* DrawingWindow.xib in Resources */,
				DB8A886C18E3297E007C79AF /* OMApalette2.pa1 in Resources */,
				DB95A9501A2F415E00823467 /* VariablesWindow.xib in Resources */,
				DB8A886E18E3297E007C79AF /* c-box.jpg in Resources */,
				DB8A886F18E3297E007C79AF /* oma2Icons.icns in Resources */,
				DB8A887018E3297E007C79AF /* ruler.jpg in Resources */,
				DB8A887118E3297E007C79AF /* curve.jpg in Resources */,
				DB8A887218E3297E007C79AF /* pal0.jpg in Resources */,
				DB8A887318E3297E007C79AF /* pal2.jpg in Resources */,
				DB8A887418E3297E007C79AF /* pal1.jpg in Resources */,
				DB8A887518E3297E007C79AF /* Oma2Data.icns in Resources */,
				DB8A887618E3297E007C79AF /* Oma2Macro.icns in Resources */,
				DB8A887718E3297E007C79AF /* pal7.jpg in Resources */,
				DB912ADC224CE81100780944 /* OMA Settings in Resources */,
				DB8A887818E3297E007C79AF /* pal6.jpg in Resources */,
				DB8A887918E3297E007C79AF /* pal5.jpg in Resources */,
				DB8A887A18E3297E007C79AF /* pal4.jpg in Resources */,
				DB8A887B18E3297E007C79AF /* pal3.jpg in Resources */,
				DB8A887C18E3297E007C79AF /* oma2help.txt in Resources */,
			);
			runOnlyForDeploymentPostprocessing = 0;
		};
/* End PBXResourcesBuildPhase section */

/* Begin PBXSourcesBuildPhase section */
		DB0FC01A1519183C008A9B54 /* Sources */ = {
			isa = PBXSourcesBuildPhase;
			buildActionMask = 2147483647;
			files = (
				DB0FC02F1519183C008A9B54 /* main.m in Sources */,
				DB0FC0361519183D008A9B54 /* oma2AppDelegate.mm in Sources */,
				DB16CA3A1826960F002588F4 /* CommandView.mm in Sources */,
				DBABD56F180208E7007F8801 /* DrawingWindowController.mm in Sources */,
				DB0FC046151918F0008A9B54 /* StatusController.mm in Sources */,
				DB0FC048151918F0008A9B54 /* AppController.mm in Sources */,
				DB2BC304151933C9009D9AED /* PreferenceController.mm in Sources */,
				DBA96ABA1520C7090043754E /* comdec.mm in Sources */,
				DB021E7B15211EFA001D1B05 /* commands_1.mm in Sources */,
				DB95A94D1A2F415E00823467 /* VariablesWindowController.mm in Sources */,
				DB4329B617EF13E900A51802 /* gluedCommands.mm in Sources */,
				DB021E7C15211EFA001D1B05 /* image_support.mm in Sources */,
				DB021E7D15211EFA001D1B05 /* image.mm in Sources */,
				DB87BF0217F08DA200E1BF68 /* dcrawx.mm in Sources */,
				DB03625E224D009800DF7BA8 /* ImageBitmap.mm in Sources */,
				DBABD56A1802050F007F8801 /* DrawingView.mm in Sources */,
				DB83FD771D4FE5DE009B3204 /* dmmalvar.mm in Sources */,
				DBF24A2C1D3B091700115E4E /* dmbilinear.mm in Sources */,
				DB17A30C15247965004F810A /* DataWindowController.mm in Sources */,
				DB4E036E1835272400250EA4 /* dofft.mm in Sources */,
				DBC81580153DCD54002BEFD4 /* StatusDrop.mm in Sources */,
				DBC81583153DFBB7002BEFD4 /* UI.mm in Sources */,
				DB2113591540219200B23364 /* DataView.mm in Sources */,
				DB35126018F0B8AE00202FFC /* macImageSupport.mm in Sources */,
			);
			runOnlyForDeploymentPostprocessing = 0;
		};
		DB8A884318E3297E007C79AF /* Sources */ = {
			isa = PBXSourcesBuildPhase;
			buildActionMask = 2147483647;
			files = (
				DB8A884418E3297E007C79AF /* main.m in Sources */,
				DB8A884518E3297E007C79AF /* oma2AppDelegate.mm in Sources */,
				DB8A884618E3297E007C79AF /* CommandView.mm in Sources */,
				DB35126118F0B8AE00202FFC /* macImageSupport.mm in Sources */,
				DB8A884718E3297E007C79AF /* DrawingWindowController.mm in Sources */,
				DBA3CB871911985800AD10BC /* gpib.mm in Sources */,
				DB8A884818E3297E007C79AF /* StatusController.mm in Sources */,
				DB83FD781D4FE5DE009B3204 /* dmmalvar.mm in Sources */,
				DB8A884918E3297E007C79AF /* AppController.mm in Sources */,
				DB3E355D18E6030300381607 /* serial.c in Sources */,
				DB95A94E1A2F415E00823467 /* VariablesWindowController.mm in Sources */,
				DB8A884A18E3297E007C79AF /* PreferenceController.mm in Sources */,
				DB8C23F918FC2FC100969763 /* labjackU3.mm in Sources */,
				DB8A884B18E3297E007C79AF /* comdec.mm in Sources */,
				DBFCF5EB18FC3EEF00956047 /* u3.c in Sources */,
				DBB15EF325A78014000437AA /* openCVroutines.mm in Sources */,
				DB8A884C18E3297E007C79AF /* commands_1.mm in Sources */,
				DB8A884D18E3297E007C79AF /* gluedCommands.mm in Sources */,
				DB8A884E18E3297E007C79AF /* image_support.mm in Sources */,
				DB8A884F18E3297E007C79AF /* image.mm in Sources */,
				DB8A885018E3297E007C79AF /* dcrawx.mm in Sources */,
				DBBCFA3418E380B000FEE3F6 /* gige.mm in Sources */,
				DBF24A2D1D3B091700115E4E /* dmbilinear.mm in Sources */,
				DBD2A9412270BA380041852D /* ImageBitmap.mm in Sources */,
				DB8A885118E3297E007C79AF /* DrawingView.mm in Sources */,
				DB8A885218E3297E007C79AF /* DataWindowController.mm in Sources */,
				DB8A885318E3297E007C79AF /* dofft.mm in Sources */,
				DB57E31918F58D7900FA4D29 /* sbig.mm in Sources */,
				DB8A885518E3297E007C79AF /* StatusDrop.mm in Sources */,
				DB8A885618E3297E007C79AF /* UI.mm in Sources */,
				DBF879C41906C18D006C5872 /* gphotoFunctions.c in Sources */,
				DBF879C21906C13F006C5872 /* gphotoCommands.mm in Sources */,
				DB8A885718E3297E007C79AF /* DataView.mm in Sources */,
			);
			runOnlyForDeploymentPostprocessing = 0;
		};
/* End PBXSourcesBuildPhase section */

/* Begin PBXVariantGroup section */
		DB0FC02B1519183C008A9B54 /* InfoPlist.strings */ = {
			isa = PBXVariantGroup;
			children = (
				DB0FC02C1519183C008A9B54 /* en */,
			);
			name = InfoPlist.strings;
			sourceTree = "<group>";
		};
		DB0FC0311519183D008A9B54 /* Credits.rtf */ = {
			isa = PBXVariantGroup;
			children = (
				DB0FC0321519183D008A9B54 /* en */,
			);
			name = Credits.rtf;
			sourceTree = "<group>";
		};
		DB0FC0371519183D008A9B54 /* MainMenu.xib */ = {
			isa = PBXVariantGroup;
			children = (
				DB0FC0381519183D008A9B54 /* en */,
			);
			name = MainMenu.xib;
			sourceTree = "<group>";
		};
/* End PBXVariantGroup section */

/* Begin XCBuildConfiguration section */
		DB0FC03A1519183D008A9B54 /* Debug */ = {
			isa = XCBuildConfiguration;
			buildSettings = {
				ALWAYS_SEARCH_USER_PATHS = YES;
				CLANG_ANALYZER_LOCALIZABILITY_NONLOCALIZED = YES;
				CLANG_CXX_LIBRARY = "libc++";
				CLANG_WARN_BLOCK_CAPTURE_AUTORELEASING = YES;
				CLANG_WARN_BOOL_CONVERSION = YES;
				CLANG_WARN_COMMA = YES;
				CLANG_WARN_CONSTANT_CONVERSION = YES;
				CLANG_WARN_DEPRECATED_OBJC_IMPLEMENTATIONS = YES;
				CLANG_WARN_EMPTY_BODY = YES;
				CLANG_WARN_ENUM_CONVERSION = YES;
				CLANG_WARN_INFINITE_RECURSION = YES;
				CLANG_WARN_INT_CONVERSION = YES;
				CLANG_WARN_NON_LITERAL_NULL_CONVERSION = YES;
				CLANG_WARN_OBJC_IMPLICIT_RETAIN_SELF = YES;
				CLANG_WARN_OBJC_LITERAL_CONVERSION = YES;
				CLANG_WARN_RANGE_LOOP_ANALYSIS = YES;
				CLANG_WARN_STRICT_PROTOTYPES = YES;
				CLANG_WARN_SUSPICIOUS_MOVE = YES;
				CLANG_WARN_UNREACHABLE_CODE = YES;
				CLANG_WARN__DUPLICATE_METHOD_MATCH = YES;
				CODE_SIGN_IDENTITY = "3rd Party Mac Developer Application";
				CODE_SIGN_INJECT_BASE_ENTITLEMENTS = YES;
				CODE_SIGN_STYLE = Automatic;
				COPY_PHASE_STRIP = NO;
				ENABLE_HARDENED_RUNTIME = NO;
				ENABLE_STRICT_OBJC_MSGSEND = YES;
				ENABLE_TESTABILITY = YES;
				GCC_C_LANGUAGE_STANDARD = gnu99;
				GCC_DYNAMIC_NO_PIC = NO;
				GCC_ENABLE_OBJC_EXCEPTIONS = YES;
				GCC_NO_COMMON_BLOCKS = YES;
				GCC_OPTIMIZATION_LEVEL = 0;
				GCC_PREPROCESSOR_DEFINITIONS = (
					"DEBUG=1",
					"$(inherited)",
				);
				GCC_SYMBOLS_PRIVATE_EXTERN = NO;
				GCC_VERSION = com.apple.compilers.llvm.clang.1_0;
				GCC_WARN_64_TO_32_BIT_CONVERSION = YES;
				GCC_WARN_ABOUT_MISSING_PROTOTYPES = YES;
				GCC_WARN_ABOUT_RETURN_TYPE = YES;
				GCC_WARN_UNDECLARED_SELECTOR = YES;
				GCC_WARN_UNINITIALIZED_AUTOS = YES;
				GCC_WARN_UNUSED_FUNCTION = YES;
				GCC_WARN_UNUSED_VARIABLE = YES;
				MACOSX_DEPLOYMENT_TARGET = 10.7;
				ONLY_ACTIVE_ARCH = YES;
				OTHER_CPLUSPLUSFLAGS = (
					"$(OTHER_CFLAGS)",
					"-DMacOSX_UI",
				);
				SDKROOT = macosx;
				VALIDATE_WORKSPACE_SKIPPED_SDK_FRAMEWORKS = "";
			};
			name = Debug;
		};
		DB0FC03B1519183D008A9B54 /* Release */ = {
			isa = XCBuildConfiguration;
			buildSettings = {
				ALWAYS_SEARCH_USER_PATHS = YES;
				CLANG_ANALYZER_LOCALIZABILITY_NONLOCALIZED = YES;
				CLANG_CXX_LIBRARY = "libc++";
				CLANG_WARN_BLOCK_CAPTURE_AUTORELEASING = YES;
				CLANG_WARN_BOOL_CONVERSION = YES;
				CLANG_WARN_COMMA = YES;
				CLANG_WARN_CONSTANT_CONVERSION = YES;
				CLANG_WARN_DEPRECATED_OBJC_IMPLEMENTATIONS = YES;
				CLANG_WARN_EMPTY_BODY = YES;
				CLANG_WARN_ENUM_CONVERSION = YES;
				CLANG_WARN_INFINITE_RECURSION = YES;
				CLANG_WARN_INT_CONVERSION = YES;
				CLANG_WARN_NON_LITERAL_NULL_CONVERSION = YES;
				CLANG_WARN_OBJC_IMPLICIT_RETAIN_SELF = YES;
				CLANG_WARN_OBJC_LITERAL_CONVERSION = YES;
				CLANG_WARN_RANGE_LOOP_ANALYSIS = YES;
				CLANG_WARN_STRICT_PROTOTYPES = YES;
				CLANG_WARN_SUSPICIOUS_MOVE = YES;
				CLANG_WARN_UNREACHABLE_CODE = YES;
				CLANG_WARN__DUPLICATE_METHOD_MATCH = YES;
				CODE_SIGN_IDENTITY = "3rd Party Mac Developer Application";
				CODE_SIGN_INJECT_BASE_ENTITLEMENTS = YES;
				CODE_SIGN_STYLE = Automatic;
				COPY_PHASE_STRIP = YES;
				DEBUG_INFORMATION_FORMAT = "dwarf-with-dsym";
				ENABLE_HARDENED_RUNTIME = NO;
				ENABLE_STRICT_OBJC_MSGSEND = YES;
				GCC_C_LANGUAGE_STANDARD = gnu99;
				GCC_ENABLE_OBJC_EXCEPTIONS = YES;
				GCC_NO_COMMON_BLOCKS = YES;
				GCC_VERSION = com.apple.compilers.llvm.clang.1_0;
				GCC_WARN_64_TO_32_BIT_CONVERSION = YES;
				GCC_WARN_ABOUT_MISSING_PROTOTYPES = YES;
				GCC_WARN_ABOUT_RETURN_TYPE = YES;
				GCC_WARN_UNDECLARED_SELECTOR = YES;
				GCC_WARN_UNINITIALIZED_AUTOS = YES;
				GCC_WARN_UNUSED_FUNCTION = YES;
				GCC_WARN_UNUSED_VARIABLE = YES;
				MACOSX_DEPLOYMENT_TARGET = 10.7;
				OTHER_CPLUSPLUSFLAGS = (
					"$(OTHER_CFLAGS)",
					"-DMacOSX_UI",
				);
				SDKROOT = macosx;
				VALIDATE_WORKSPACE_SKIPPED_SDK_FRAMEWORKS = "";
			};
			name = Release;
		};
		DB0FC03D1519183D008A9B54 /* Debug */ = {
			isa = XCBuildConfiguration;
			buildSettings = {
				CLANG_CXX_LANGUAGE_STANDARD = "c++0x";
				CLANG_ENABLE_OBJC_ARC = YES;
				"CODE_SIGN_ENTITLEMENTS[sdk=macosx*]" = "";
				CODE_SIGN_IDENTITY = "-";
				COMBINE_HIDPI_IMAGES = YES;
				COMPILER_INDEX_STORE_ENABLE = Default;
				COPY_PHASE_STRIP = NO;
				DEBUG_INFORMATION_FORMAT = dwarf;
				ENABLE_PREVIEWS = NO;
				FRAMEWORK_SEARCH_PATHS = (
					"$(inherited)",
					"$(SRCROOT)/**",
					"$(PROJECT_DIR)",
				);
				GCC_C_LANGUAGE_STANDARD = c99;
				GCC_PRECOMPILE_PREFIX_HEADER = YES;
				GCC_PREFIX_HEADER = "oma2/oma2-Prefix.pch";
				GCC_VERSION = "";
				GENERATE_PROFILING_CODE = NO;
				HEADER_SEARCH_PATHS = (
					/usr/local/include,
					"$(SRCROOT)/**",
				);
				INFOPLIST_FILE = "oma2/oma2-Info.plist";
				LD_RUNPATH_SEARCH_PATHS = "$(inherited) @executable_path/../Frameworks";
				LIBRARY_SEARCH_PATHS = (
					"$(SRCROOT)/**",
					"$(inherited)",
					"/usr/local/lib/**",
					"$(PROJECT_DIR)/oma2",
					"$(PROJECT_DIR)",
				);
				MACOSX_DEPLOYMENT_TARGET = 10.12;
				OTHER_CPLUSPLUSFLAGS = (
					"$(OTHER_CFLAGS)",
					"-DMacOSX_UI",
				);
				OTHER_LDFLAGS = "";
				PRODUCT_BUNDLE_IDENTIFIER = "org.oma-x.${PRODUCT_NAME:rfc1034identifier}";
				PRODUCT_NAME = "$(TARGET_NAME)";
				WRAPPER_EXTENSION = app;
			};
			name = Debug;
		};
		DB0FC03E1519183D008A9B54 /* Release */ = {
			isa = XCBuildConfiguration;
			buildSettings = {
				CLANG_CXX_LANGUAGE_STANDARD = "c++0x";
				CLANG_ENABLE_OBJC_ARC = YES;
				"CODE_SIGN_ENTITLEMENTS[sdk=macosx*]" = "";
				CODE_SIGN_IDENTITY = "-";
				COMBINE_HIDPI_IMAGES = YES;
				COMPILER_INDEX_STORE_ENABLE = Default;
				COPY_PHASE_STRIP = NO;
				DEBUG_INFORMATION_FORMAT = "dwarf-with-dsym";
				ENABLE_PREVIEWS = NO;
				FRAMEWORK_SEARCH_PATHS = (
					"$(inherited)",
					"$(SRCROOT)/**",
					"$(PROJECT_DIR)",
				);
				GCC_C_LANGUAGE_STANDARD = c99;
				GCC_PRECOMPILE_PREFIX_HEADER = YES;
				GCC_PREFIX_HEADER = "oma2/oma2-Prefix.pch";
				GCC_VERSION = "";
				HEADER_SEARCH_PATHS = (
					/usr/local/include,
					"$(SRCROOT)/**",
				);
				INFOPLIST_FILE = "oma2/oma2-Info.plist";
				LD_RUNPATH_SEARCH_PATHS = "$(inherited) @executable_path/../Frameworks";
				LIBRARY_SEARCH_PATHS = (
					"$(SRCROOT)/**",
					"$(inherited)",
					"/usr/local/lib/**",
					"$(PROJECT_DIR)/oma2",
					"$(PROJECT_DIR)",
				);
				MACOSX_DEPLOYMENT_TARGET = 10.12;
				ONLY_ACTIVE_ARCH = YES;
				OTHER_CPLUSPLUSFLAGS = (
					"$(OTHER_CFLAGS)",
					"-DMacOSX_UI",
				);
				OTHER_LDFLAGS = "";
				PRODUCT_BUNDLE_IDENTIFIER = "org.oma-x.${PRODUCT_NAME:rfc1034identifier}";
				PRODUCT_NAME = "$(TARGET_NAME)";
				WRAPPER_EXTENSION = app;
			};
			name = Release;
		};
		DB8A888018E3297E007C79AF /* Debug */ = {
			isa = XCBuildConfiguration;
			buildSettings = {
				CLANG_CXX_LANGUAGE_STANDARD = "c++0x";
				CLANG_ENABLE_OBJC_ARC = YES;
				"CODE_SIGN_ENTITLEMENTS[sdk=macosx*]" = "";
				CODE_SIGN_IDENTITY = "-";
				COMBINE_HIDPI_IMAGES = YES;
				FRAMEWORK_SEARCH_PATHS = (
					"$(inherited)",
					"$(SRCROOT)/**",
					"$(PROJECT_DIR)",
				);
				GCC_PRECOMPILE_PREFIX_HEADER = YES;
				GCC_PREFIX_HEADER = "oma2/oma2cam-Prefix.pch";
				HEADER_SEARCH_PATHS = (
					"$(inherited)",
					/usr/local/include,
					/opt/local/include,
					"$(SRCROOT)/**",
					"/usr/local/include/opencv4/**",
				);
				INFOPLIST_FILE = "$(SRCROOT)/oma2cam-Info.plist";
				LD_RUNPATH_SEARCH_PATHS = "$(inherited) @executable_path/../Frameworks";
				LIBRARY_SEARCH_PATHS = (
					"$(SRCROOT)/**",
					"$(inherited)",
					"$(PROJECT_DIR)/oma2",
					"/usr/local/lib/**",
					"/opt/local/lib/**",
					"$(PROJECT_DIR)",
					"/usr/local/lib/opencv/**",
				);
				MACOSX_DEPLOYMENT_TARGET = 10.12;
				OTHER_LDFLAGS = (
					"-lgphoto2",
					"-I/usr/local/include/opencv4",
					"-L/usr/local/lib/opencv",
					"-lopencv_core",
					"-lopencv_imgcodecs",
					"-lopencv_video",
					"-lopencv_videoio",
					"-lopencv_imgproc",
				);
				PRODUCT_BUNDLE_IDENTIFIER = "org.oma-x.${PRODUCT_NAME:rfc1034identifier}";
				PRODUCT_NAME = oma2cam;
				WRAPPER_EXTENSION = app;
			};
			name = Debug;
		};
		DB8A888118E3297E007C79AF /* Release */ = {
			isa = XCBuildConfiguration;
			buildSettings = {
				CLANG_CXX_LANGUAGE_STANDARD = "c++0x";
				CLANG_ENABLE_OBJC_ARC = YES;
				"CODE_SIGN_ENTITLEMENTS[sdk=macosx*]" = "";
				CODE_SIGN_IDENTITY = "-";
				COMBINE_HIDPI_IMAGES = YES;
				FRAMEWORK_SEARCH_PATHS = (
					"$(inherited)",
					"$(SRCROOT)/**",
					"$(PROJECT_DIR)",
				);
				GCC_PRECOMPILE_PREFIX_HEADER = YES;
				GCC_PREFIX_HEADER = "oma2/oma2cam-Prefix.pch";
				HEADER_SEARCH_PATHS = (
					"$(inherited)",
					/usr/local/include,
					/opt/local/include,
					"$(SRCROOT)/**",
					"/usr/local/include/opencv4/**",
				);
				INFOPLIST_FILE = "$(SRCROOT)/oma2cam-Info.plist";
				LD_RUNPATH_SEARCH_PATHS = "$(inherited) @executable_path/../Frameworks";
				LIBRARY_SEARCH_PATHS = (
					"$(SRCROOT)/**",
					"$(inherited)",
					"$(PROJECT_DIR)/oma2",
					"/usr/local/lib/**",
					"/opt/local/lib/**",
					"$(PROJECT_DIR)",
					"/usr/local/lib/opencv/**",
				);
				MACOSX_DEPLOYMENT_TARGET = 10.12;
				ONLY_ACTIVE_ARCH = YES;
				OTHER_LDFLAGS = (
					"-lgphoto2",
					"-I/usr/local/include/opencv4",
					"-L/usr/local/lib/opencv",
					"-lopencv_core",
					"-lopencv_imgcodecs",
					"-lopencv_video",
					"-lopencv_videoio",
					"-lopencv_imgproc",
				);
				PRODUCT_BUNDLE_IDENTIFIER = "org.oma-x.${PRODUCT_NAME:rfc1034identifier}";
				PRODUCT_NAME = oma2cam;
				WRAPPER_EXTENSION = app;
			};
			name = Release;
		};
/* End XCBuildConfiguration section */

/* Begin XCConfigurationList section */
		DB0FC0181519183B008A9B54 /* Build configuration list for PBXProject "oma2" */ = {
			isa = XCConfigurationList;
			buildConfigurations = (
				DB0FC03A1519183D008A9B54 /* Debug */,
				DB0FC03B1519183D008A9B54 /* Release */,
			);
			defaultConfigurationIsVisible = 0;
			defaultConfigurationName = Release;
		};
		DB0FC03C1519183D008A9B54 /* Build configuration list for PBXNativeTarget "oma2" */ = {
			isa = XCConfigurationList;
			buildConfigurations = (
				DB0FC03D1519183D008A9B54 /* Debug */,
				DB0FC03E1519183D008A9B54 /* Release */,
			);
			defaultConfigurationIsVisible = 0;
			defaultConfigurationName = Release;
		};
		DB8A887F18E3297E007C79AF /* Build configuration list for PBXNativeTarget "oma2cam" */ = {
			isa = XCConfigurationList;
			buildConfigurations = (
				DB8A888018E3297E007C79AF /* Debug */,
				DB8A888118E3297E007C79AF /* Release */,
			);
			defaultConfigurationIsVisible = 0;
			defaultConfigurationName = Release;
		};
/* End XCConfigurationList section */
	};
	rootObject = DB0FC0151519183B008A9B54 /* Project object */;
}
